# THIS IS AN AUTOGENERATED FILE. DO NOT EDIT THIS FILE DIRECTLY.
# yarn lockfile v1


rambda@^5.13.1:
  version "5.13.1"
  resolved "https://registry.yarnpkg.com/rambda/-/rambda-5.13.1.tgz#878de64abba268a515f5cd5327448da4344e9b3b"
  integrity sha512-ygj/oPmskiJXcTMWPo1RkKnqI2EjwvO/0KV/F+oJ5njhj4vDENLPqBV3CjDMiJ8yZTZvQbPOciUnsmXZkAF3Vw==
